
Microsoft Visual Studio Solution File, Format Version 11.00
# Visual Studio 2010
# SharpDevelop 5.1
Project("{FAE04EC0-301F-11D3-BF4B-00C04F79EFBC}") = "task", "task\task.csproj", "{5395729A-20C8-4143-9110-A20679D76E37}"
EndProject
Global
	GlobalSection(SolutionConfigurationPlatforms) = preSolution
		Debug|Any CPU = Debug|Any CPU
		Release|Any CPU = Release|Any CPU
	EndGlobalSection
	GlobalSection(ProjectConfigurationPlatforms) = postSolution
		{5395729A-20C8-4143-9110-A20679D76E37}.Debug|Any CPU.ActiveCfg = Debug|Any CPU
		{5395729A-20C8-4143-9110-A20679D76E37}.Debug|Any CPU.Build.0 = Debug|Any CPU
		{5395729A-20C8-4143-9110-A20679D76E37}.Release|Any CPU.ActiveCfg = Release|Any CPU
		{5395729A-20C8-4143-9110-A20679D76E37}.Release|Any CPU.Build.0 = Release|Any CPU
	EndGlobalSection
EndGlobal
